
Microsoft Visual Studio Solution File, Format Version 12.00
# Visual Studio 14
VisualStudioVersion = 14.0.25420.1
MinimumVisualStudioVersion = 10.0.40219.1
Project("{FAE04EC0-301F-11D3-BF4B-00C04F79EFBC}") = "Sessiongp4", "Sessiongp4\Sessiongp4.csproj", "{F4B481E7-1A30-4337-8A17-CCC0BA0F60C0}"
EndProject
Project("{FAE04EC0-301F-11D3-BF4B-00C04F79EFBC}") = "mobileApp.Droid", "mobileApp\mobileApp.Droid\mobileApp.Droid.csproj", "{E51003E4-1598-4556-AC92-10BDAEF82028}"
EndProject
Project("{FAE04EC0-301F-11D3-BF4B-00C04F79EFBC}") = "mobileApp.iOS", "mobileApp\mobileApp.iOS\mobileApp.iOS.csproj", "{ECA933FD-9DD7-4ED7-8F26-1377D2188DDB}"
EndProject
Project("{FAE04EC0-301F-11D3-BF4B-00C04F79EFBC}") = "mobileApp.WinPhone", "mobileApp\mobileApp.WinPhone\mobileApp.WinPhone.csproj", "{708606FF-D29D-438D-B487-BD815002C656}"
EndProject
Project("{FAE04EC0-301F-11D3-BF4B-00C04F79EFBC}") = "mobileApp.UWP", "mobileApp\mobileApp.UWP\mobileApp.UWP.csproj", "{C289F8AF-8715-49A2-9BEF-75932393926E}"
EndProject
Project("{FAE04EC0-301F-11D3-BF4B-00C04F79EFBC}") = "mobileApp.Windows", "mobileApp\mobileApp.Windows\mobileApp.Windows.csproj", "{DDFA3C3F-73D4-446C-A23C-3E680CB56888}"
EndProject
Project("{FAE04EC0-301F-11D3-BF4B-00C04F79EFBC}") = "mobileApp", "mobileApp\mobileApp\mobileApp.csproj", "{6E8AA06D-DE85-4DBC-A1C6-B3BAD90CB427}"
EndProject
Global
	GlobalSection(SolutionConfigurationPlatforms) = preSolution
		Ad-Hoc|Any CPU = Ad-Hoc|Any CPU
		Ad-Hoc|ARM = Ad-Hoc|ARM
		Ad-Hoc|iPhone = Ad-Hoc|iPhone
		Ad-Hoc|iPhoneSimulator = Ad-Hoc|iPhoneSimulator
		Ad-Hoc|x64 = Ad-Hoc|x64
		Ad-Hoc|x86 = Ad-Hoc|x86
		AppStore|Any CPU = AppStore|Any CPU
		AppStore|ARM = AppStore|ARM
		AppStore|iPhone = AppStore|iPhone
		AppStore|iPhoneSimulator = AppStore|iPhoneSimulator
		AppStore|x64 = AppStore|x64
		AppStore|x86 = AppStore|x86
		Debug|Any CPU = Debug|Any CPU
		Debug|ARM = Debug|ARM
		Debug|iPhone = Debug|iPhone
		Debug|iPhoneSimulator = Debug|iPhoneSimulator
		Debug|x64 = Debug|x64
		Debug|x86 = Debug|x86
		Release|Any CPU = Release|Any CPU
		Release|ARM = Release|ARM
		Release|iPhone = Release|iPhone
		Release|iPhoneSimulator = Release|iPhoneSimulator
		Release|x64 = Release|x64
		Release|x86 = Release|x86
	EndGlobalSection
	GlobalSection(ProjectConfigurationPlatforms) = postSolution
		{F4B481E7-1A30-4337-8A17-CCC0BA0F60C0}.Ad-Hoc|Any CPU.ActiveCfg = Release|Any CPU
		{F4B481E7-1A30-4337-8A17-CCC0BA0F60C0}.Ad-Hoc|Any CPU.Build.0 = Release|Any CPU
		{F4B481E7-1A30-4337-8A17-CCC0BA0F60C0}.Ad-Hoc|ARM.ActiveCfg = Release|Any CPU
		{F4B481E7-1A30-4337-8A17-CCC0BA0F60C0}.Ad-Hoc|ARM.Build.0 = Release|Any CPU
		{F4B481E7-1A30-4337-8A17-CCC0BA0F60C0}.Ad-Hoc|iPhone.ActiveCfg = Release|Any CPU
		{F4B481E7-1A30-4337-8A17-CCC0BA0F60C0}.Ad-Hoc|iPhone.Build.0 = Release|Any CPU
		{F4B481E7-1A30-4337-8A17-CCC0BA0F60C0}.Ad-Hoc|iPhoneSimulator.ActiveCfg = Release|Any CPU
		{F4B481E7-1A30-4337-8A17-CCC0BA0F60C0}.Ad-Hoc|iPhoneSimulator.Build.0 = Release|Any CPU
		{F4B481E7-1A30-4337-8A17-CCC0BA0F60C0}.Ad-Hoc|x64.ActiveCfg = Release|Any CPU
		{F4B481E7-1A30-4337-8A17-CCC0BA0F60C0}.Ad-Hoc|x64.Build.0 = Release|Any CPU
		{F4B481E7-1A30-4337-8A17-CCC0BA0F60C0}.Ad-Hoc|x86.ActiveCfg = Release|Any CPU
		{F4B481E7-1A30-4337-8A17-CCC0BA0F60C0}.Ad-Hoc|x86.Build.0 = Release|Any CPU
		{F4B481E7-1A30-4337-8A17-CCC0BA0F60C0}.AppStore|Any CPU.ActiveCfg = Release|Any CPU
		{F4B481E7-1A30-4337-8A17-CCC0BA0F60C0}.AppStore|Any CPU.Build.0 = Release|Any CPU
		{F4B481E7-1A30-4337-8A17-CCC0BA0F60C0}.AppStore|ARM.ActiveCfg = Release|Any CPU
		{F4B481E7-1A30-4337-8A17-CCC0BA0F60C0}.AppStore|ARM.Build.0 = Release|Any CPU
		{F4B481E7-1A30-4337-8A17-CCC0BA0F60C0}.AppStore|iPhone.ActiveCfg = Release|Any CPU
		{F4B481E7-1A30-4337-8A17-CCC0BA0F60C0}.AppStore|iPhone.Build.0 = Release|Any CPU
		{F4B481E7-1A30-4337-8A17-CCC0BA0F60C0}.AppStore|iPhoneSimulator.ActiveCfg = Release|Any CPU
		{F4B481E7-1A30-4337-8A17-CCC0BA0F60C0}.AppStore|iPhoneSimulator.Build.0 = Release|Any CPU
		{F4B481E7-1A30-4337-8A17-CCC0BA0F60C0}.AppStore|x64.ActiveCfg = Release|Any CPU
		{F4B481E7-1A30-4337-8A17-CCC0BA0F60C0}.AppStore|x64.Build.0 = Release|Any CPU
		{F4B481E7-1A30-4337-8A17-CCC0BA0F60C0}.AppStore|x86.ActiveCfg = Release|Any CPU
		{F4B481E7-1A30-4337-8A17-CCC0BA0F60C0}.AppStore|x86.Build.0 = Release|Any CPU
		{F4B481E7-1A30-4337-8A17-CCC0BA0F60C0}.Debug|Any CPU.ActiveCfg = Debug|Any CPU
		{F4B481E7-1A30-4337-8A17-CCC0BA0F60C0}.Debug|Any CPU.Build.0 = Debug|Any CPU
		{F4B481E7-1A30-4337-8A17-CCC0BA0F60C0}.Debug|ARM.ActiveCfg = Debug|Any CPU
		{F4B481E7-1A30-4337-8A17-CCC0BA0F60C0}.Debug|ARM.Build.0 = Debug|Any CPU
		{F4B481E7-1A30-4337-8A17-CCC0BA0F60C0}.Debug|iPhone.ActiveCfg = Debug|Any CPU
		{F4B481E7-1A30-4337-8A17-CCC0BA0F60C0}.Debug|iPhone.Build.0 = Debug|Any CPU
		{F4B481E7-1A30-4337-8A17-CCC0BA0F60C0}.Debug|iPhoneSimulator.ActiveCfg = Debug|Any CPU
		{F4B481E7-1A30-4337-8A17-CCC0BA0F60C0}.Debug|iPhoneSimulator.Build.0 = Debug|Any CPU
		{F4B481E7-1A30-4337-8A17-CCC0BA0F60C0}.Debug|x64.ActiveCfg = Debug|Any CPU
		{F4B481E7-1A30-4337-8A17-CCC0BA0F60C0}.Debug|x64.Build.0 = Debug|Any CPU
		{F4B481E7-1A30-4337-8A17-CCC0BA0F60C0}.Debug|x86.ActiveCfg = Debug|Any CPU
		{F4B481E7-1A30-4337-8A17-CCC0BA0F60C0}.Debug|x86.Build.0 = Debug|Any CPU
		{F4B481E7-1A30-4337-8A17-CCC0BA0F60C0}.Release|Any CPU.ActiveCfg = Release|Any CPU
		{F4B481E7-1A30-4337-8A17-CCC0BA0F60C0}.Release|Any CPU.Build.0 = Release|Any CPU
		{F4B481E7-1A30-4337-8A17-CCC0BA0F60C0}.Release|ARM.ActiveCfg = Release|Any CPU
		{F4B481E7-1A30-4337-8A17-CCC0BA0F60C0}.Release|ARM.Build.0 = Release|Any CPU
		{F4B481E7-1A30-4337-8A17-CCC0BA0F60C0}.Release|iPhone.ActiveCfg = Release|Any CPU
		{F4B481E7-1A30-4337-8A17-CCC0BA0F60C0}.Release|iPhone.Build.0 = Release|Any CPU
		{F4B481E7-1A30-4337-8A17-CCC0BA0F60C0}.Release|iPhoneSimulator.ActiveCfg = Release|Any CPU
		{F4B481E7-1A30-4337-8A17-CCC0BA0F60C0}.Release|iPhoneSimulator.Build.0 = Release|Any CPU
		{F4B481E7-1A30-4337-8A17-CCC0BA0F60C0}.Release|x64.ActiveCfg = Release|Any CPU
		{F4B481E7-1A30-4337-8A17-CCC0BA0F60C0}.Release|x64.Build.0 = Release|Any CPU
		{F4B481E7-1A30-4337-8A17-CCC0BA0F60C0}.Release|x86.ActiveCfg = Release|Any CPU
		{F4B481E7-1A30-4337-8A17-CCC0BA0F60C0}.Release|x86.Build.0 = Release|Any CPU
		{E51003E4-1598-4556-AC92-10BDAEF82028}.Ad-Hoc|Any CPU.ActiveCfg = Release|Any CPU
		{E51003E4-1598-4556-AC92-10BDAEF82028}.Ad-Hoc|Any CPU.Build.0 = Release|Any CPU
		{E51003E4-1598-4556-AC92-10BDAEF82028}.Ad-Hoc|Any CPU.Deploy.0 = Release|Any CPU
		{E51003E4-1598-4556-AC92-10BDAEF82028}.Ad-Hoc|ARM.ActiveCfg = Release|Any CPU
		{E51003E4-1598-4556-AC92-10BDAEF82028}.Ad-Hoc|ARM.Build.0 = Release|Any CPU
		{E51003E4-1598-4556-AC92-10BDAEF82028}.Ad-Hoc|ARM.Deploy.0 = Release|Any CPU
		{E51003E4-1598-4556-AC92-10BDAEF82028}.Ad-Hoc|iPhone.ActiveCfg = Release|Any CPU
		{E51003E4-1598-4556-AC92-10BDAEF82028}.Ad-Hoc|iPhone.Build.0 = Release|Any CPU
		{E51003E4-1598-4556-AC92-10BDAEF82028}.Ad-Hoc|iPhone.Deploy.0 = Release|Any CPU
		{E51003E4-1598-4556-AC92-10BDAEF82028}.Ad-Hoc|iPhoneSimulator.ActiveCfg = Release|Any CPU
		{E51003E4-1598-4556-AC92-10BDAEF82028}.Ad-Hoc|iPhoneSimulator.Build.0 = Release|Any CPU
		{E51003E4-1598-4556-AC92-10BDAEF82028}.Ad-Hoc|iPhoneSimulator.Deploy.0 = Release|Any CPU
		{E51003E4-1598-4556-AC92-10BDAEF82028}.Ad-Hoc|x64.ActiveCfg = Release|Any CPU
		{E51003E4-1598-4556-AC92-10BDAEF82028}.Ad-Hoc|x64.Build.0 = Release|Any CPU
		{E51003E4-1598-4556-AC92-10BDAEF82028}.Ad-Hoc|x64.Deploy.0 = Release|Any CPU
		{E51003E4-1598-4556-AC92-10BDAEF82028}.Ad-Hoc|x86.ActiveCfg = Release|Any CPU
		{E51003E4-1598-4556-AC92-10BDAEF82028}.Ad-Hoc|x86.Build.0 = Release|Any CPU
		{E51003E4-1598-4556-AC92-10BDAEF82028}.Ad-Hoc|x86.Deploy.0 = Release|Any CPU
		{E51003E4-1598-4556-AC92-10BDAEF82028}.AppStore|Any CPU.ActiveCfg = Release|Any CPU
		{E51003E4-1598-4556-AC92-10BDAEF82028}.AppStore|Any CPU.Build.0 = Release|Any CPU
		{E51003E4-1598-4556-AC92-10BDAEF82028}.AppStore|Any CPU.Deploy.0 = Release|Any CPU
		{E51003E4-1598-4556-AC92-10BDAEF82028}.AppStore|ARM.ActiveCfg = Release|Any CPU
		{E51003E4-1598-4556-AC92-10BDAEF82028}.AppStore|ARM.Build.0 = Release|Any CPU
		{E51003E4-1598-4556-AC92-10BDAEF82028}.AppStore|ARM.Deploy.0 = Release|Any CPU
		{E51003E4-1598-4556-AC92-10BDAEF82028}.AppStore|iPhone.ActiveCfg = Release|Any CPU
		{E51003E4-1598-4556-AC92-10BDAEF82028}.AppStore|iPhone.Build.0 = Release|Any CPU
		{E51003E4-1598-4556-AC92-10BDAEF82028}.AppStore|iPhone.Deploy.0 = Release|Any CPU
		{E51003E4-1598-4556-AC92-10BDAEF82028}.AppStore|iPhoneSimulator.ActiveCfg = Release|Any CPU
		{E51003E4-1598-4556-AC92-10BDAEF82028}.AppStore|iPhoneSimulator.Build.0 = Release|Any CPU
		{E51003E4-1598-4556-AC92-10BDAEF82028}.AppStore|iPhoneSimulator.Deploy.0 = Release|Any CPU
		{E51003E4-1598-4556-AC92-10BDAEF82028}.AppStore|x64.ActiveCfg = Release|Any CPU
		{E51003E4-1598-4556-AC92-10BDAEF82028}.AppStore|x64.Build.0 = Release|Any CPU
		{E51003E4-1598-4556-AC92-10BDAEF82028}.AppStore|x64.Deploy.0 = Release|Any CPU
		{E51003E4-1598-4556-AC92-10BDAEF82028}.AppStore|x86.ActiveCfg = Release|Any CPU
		{E51003E4-1598-4556-AC92-10BDAEF82028}.AppStore|x86.Build.0 = Release|Any CPU
		{E51003E4-1598-4556-AC92-10BDAEF82028}.AppStore|x86.Deploy.0 = Release|Any CPU
		{E51003E4-1598-4556-AC92-10BDAEF82028}.Debug|Any CPU.ActiveCfg = Debug|Any CPU
		{E51003E4-1598-4556-AC92-10BDAEF82028}.Debug|Any CPU.Build.0 = Debug|Any CPU
		{E51003E4-1598-4556-AC92-10BDAEF82028}.Debug|Any CPU.Deploy.0 = Debug|Any CPU
		{E51003E4-1598-4556-AC92-10BDAEF82028}.Debug|ARM.ActiveCfg = Debug|Any CPU
		{E51003E4-1598-4556-AC92-10BDAEF82028}.Debug|ARM.Build.0 = Debug|Any CPU
		{E51003E4-1598-4556-AC92-10BDAEF82028}.Debug|ARM.Deploy.0 = Debug|Any CPU
		{E51003E4-1598-4556-AC92-10BDAEF82028}.Debug|iPhone.ActiveCfg = Debug|Any CPU
		{E51003E4-1598-4556-AC92-10BDAEF82028}.Debug|iPhone.Build.0 = Debug|Any CPU
		{E51003E4-1598-4556-AC92-10BDAEF82028}.Debug|iPhone.Deploy.0 = Debug|Any CPU
		{E51003E4-1598-4556-AC92-10BDAEF82028}.Debug|iPhoneSimulator.ActiveCfg = Debug|Any CPU
		{E51003E4-1598-4556-AC92-10BDAEF82028}.Debug|iPhoneSimulator.Build.0 = Debug|Any CPU
		{E51003E4-1598-4556-AC92-10BDAEF82028}.Debug|iPhoneSimulator.Deploy.0 = Debug|Any CPU
		{E51003E4-1598-4556-AC92-10BDAEF82028}.Debug|x64.ActiveCfg = Debug|Any CPU
		{E51003E4-1598-4556-AC92-10BDAEF82028}.Debug|x64.Build.0 = Debug|Any CPU
		{E51003E4-1598-4556-AC92-10BDAEF82028}.Debug|x64.Deploy.0 = Debug|Any CPU
		{E51003E4-1598-4556-AC92-10BDAEF82028}.Debug|x86.ActiveCfg = Debug|Any CPU
		{E51003E4-1598-4556-AC92-10BDAEF82028}.Debug|x86.Build.0 = Debug|Any CPU
		{E51003E4-1598-4556-AC92-10BDAEF82028}.Debug|x86.Deploy.0 = Debug|Any CPU
		{E51003E4-1598-4556-AC92-10BDAEF82028}.Release|Any CPU.ActiveCfg = Release|Any CPU
		{E51003E4-1598-4556-AC92-10BDAEF82028}.Release|Any CPU.Build.0 = Release|Any CPU
		{E51003E4-1598-4556-AC92-10BDAEF82028}.Release|Any CPU.Deploy.0 = Release|Any CPU
		{E51003E4-1598-4556-AC92-10BDAEF82028}.Release|ARM.ActiveCfg = Release|Any CPU
		{E51003E4-1598-4556-AC92-10BDAEF82028}.Release|ARM.Build.0 = Release|Any CPU
		{E51003E4-1598-4556-AC92-10BDAEF82028}.Release|ARM.Deploy.0 = Release|Any CPU
		{E51003E4-1598-4556-AC92-10BDAEF82028}.Release|iPhone.ActiveCfg = Release|Any CPU
		{E51003E4-1598-4556-AC92-10BDAEF82028}.Release|iPhone.Build.0 = Release|Any CPU
		{E51003E4-1598-4556-AC92-10BDAEF82028}.Release|iPhone.Deploy.0 = Release|Any CPU
		{E51003E4-1598-4556-AC92-10BDAEF82028}.Release|iPhoneSimulator.ActiveCfg = Release|Any CPU
		{E51003E4-1598-4556-AC92-10BDAEF82028}.Release|iPhoneSimulator.Build.0 = Release|Any CPU
		{E51003E4-1598-4556-AC92-10BDAEF82028}.Release|iPhoneSimulator.Deploy.0 = Release|Any CPU
		{E51003E4-1598-4556-AC92-10BDAEF82028}.Release|x64.ActiveCfg = Release|Any CPU
		{E51003E4-1598-4556-AC92-10BDAEF82028}.Release|x64.Build.0 = Release|Any CPU
		{E51003E4-1598-4556-AC92-10BDAEF82028}.Release|x64.Deploy.0 = Release|Any CPU
		{E51003E4-1598-4556-AC92-10BDAEF82028}.Release|x86.ActiveCfg = Release|Any CPU
		{E51003E4-1598-4556-AC92-10BDAEF82028}.Release|x86.Build.0 = Release|Any CPU
		{E51003E4-1598-4556-AC92-10BDAEF82028}.Release|x86.Deploy.0 = Release|Any CPU
		{ECA933FD-9DD7-4ED7-8F26-1377D2188DDB}.Ad-Hoc|Any CPU.ActiveCfg = Ad-Hoc|iPhone
		{ECA933FD-9DD7-4ED7-8F26-1377D2188DDB}.Ad-Hoc|ARM.ActiveCfg = Ad-Hoc|iPhone
		{ECA933FD-9DD7-4ED7-8F26-1377D2188DDB}.Ad-Hoc|iPhone.ActiveCfg = Ad-Hoc|iPhone
		{ECA933FD-9DD7-4ED7-8F26-1377D2188DDB}.Ad-Hoc|iPhone.Build.0 = Ad-Hoc|iPhone
		{ECA933FD-9DD7-4ED7-8F26-1377D2188DDB}.Ad-Hoc|iPhoneSimulator.ActiveCfg = Ad-Hoc|iPhoneSimulator
		{ECA933FD-9DD7-4ED7-8F26-1377D2188DDB}.Ad-Hoc|iPhoneSimulator.Build.0 = Ad-Hoc|iPhoneSimulator
		{ECA933FD-9DD7-4ED7-8F26-1377D2188DDB}.Ad-Hoc|x64.ActiveCfg = Ad-Hoc|iPhone
		{ECA933FD-9DD7-4ED7-8F26-1377D2188DDB}.Ad-Hoc|x86.ActiveCfg = Ad-Hoc|iPhone
		{ECA933FD-9DD7-4ED7-8F26-1377D2188DDB}.AppStore|Any CPU.ActiveCfg = AppStore|iPhone
		{ECA933FD-9DD7-4ED7-8F26-1377D2188DDB}.AppStore|ARM.ActiveCfg = AppStore|iPhone
		{ECA933FD-9DD7-4ED7-8F26-1377D2188DDB}.AppStore|iPhone.ActiveCfg = AppStore|iPhone
		{ECA933FD-9DD7-4ED7-8F26-1377D2188DDB}.AppStore|iPhone.Build.0 = AppStore|iPhone
		{ECA933FD-9DD7-4ED7-8F26-1377D2188DDB}.AppStore|iPhoneSimulator.ActiveCfg = AppStore|iPhoneSimulator
		{ECA933FD-9DD7-4ED7-8F26-1377D2188DDB}.AppStore|iPhoneSimulator.Build.0 = AppStore|iPhoneSimulator
		{ECA933FD-9DD7-4ED7-8F26-1377D2188DDB}.AppStore|x64.ActiveCfg = AppStore|iPhone
		{ECA933FD-9DD7-4ED7-8F26-1377D2188DDB}.AppStore|x86.ActiveCfg = AppStore|iPhone
		{ECA933FD-9DD7-4ED7-8F26-1377D2188DDB}.Debug|Any CPU.ActiveCfg = Debug|iPhone
		{ECA933FD-9DD7-4ED7-8F26-1377D2188DDB}.Debug|ARM.ActiveCfg = Debug|iPhone
		{ECA933FD-9DD7-4ED7-8F26-1377D2188DDB}.Debug|iPhone.ActiveCfg = Debug|iPhone
		{ECA933FD-9DD7-4ED7-8F26-1377D2188DDB}.Debug|iPhone.Build.0 = Debug|iPhone
		{ECA933FD-9DD7-4ED7-8F26-1377D2188DDB}.Debug|iPhoneSimulator.ActiveCfg = Debug|iPhoneSimulator
		{ECA933FD-9DD7-4ED7-8F26-1377D2188DDB}.Debug|iPhoneSimulator.Build.0 = Debug|iPhoneSimulator
		{ECA933FD-9DD7-4ED7-8F26-1377D2188DDB}.Debug|x64.ActiveCfg = Debug|iPhone
		{ECA933FD-9DD7-4ED7-8F26-1377D2188DDB}.Debug|x86.ActiveCfg = Debug|iPhone
		{ECA933FD-9DD7-4ED7-8F26-1377D2188DDB}.Release|Any CPU.ActiveCfg = Release|iPhone
		{ECA933FD-9DD7-4ED7-8F26-1377D2188DDB}.Release|ARM.ActiveCfg = Release|iPhone
		{ECA933FD-9DD7-4ED7-8F26-1377D2188DDB}.Release|iPhone.ActiveCfg = Release|iPhone
		{ECA933FD-9DD7-4ED7-8F26-1377D2188DDB}.Release|iPhone.Build.0 = Release|iPhone
		{ECA933FD-9DD7-4ED7-8F26-1377D2188DDB}.Release|iPhoneSimulator.ActiveCfg = Release|iPhoneSimulator
		{ECA933FD-9DD7-4ED7-8F26-1377D2188DDB}.Release|iPhoneSimulator.Build.0 = Release|iPhoneSimulator
		{ECA933FD-9DD7-4ED7-8F26-1377D2188DDB}.Release|x64.ActiveCfg = Release|iPhone
		{ECA933FD-9DD7-4ED7-8F26-1377D2188DDB}.Release|x86.ActiveCfg = Release|iPhone
		{708606FF-D29D-438D-B487-BD815002C656}.Ad-Hoc|Any CPU.ActiveCfg = Release|Any CPU
		{708606FF-D29D-438D-B487-BD815002C656}.Ad-Hoc|Any CPU.Build.0 = Release|Any CPU
		{708606FF-D29D-438D-B487-BD815002C656}.Ad-Hoc|Any CPU.Deploy.0 = Release|Any CPU
		{708606FF-D29D-438D-B487-BD815002C656}.Ad-Hoc|ARM.ActiveCfg = Release|ARM
		{708606FF-D29D-438D-B487-BD815002C656}.Ad-Hoc|ARM.Build.0 = Release|ARM
		{708606FF-D29D-438D-B487-BD815002C656}.Ad-Hoc|ARM.Deploy.0 = Release|ARM
		{708606FF-D29D-438D-B487-BD815002C656}.Ad-Hoc|iPhone.ActiveCfg = Release|Any CPU
		{708606FF-D29D-438D-B487-BD815002C656}.Ad-Hoc|iPhone.Build.0 = Release|Any CPU
		{708606FF-D29D-438D-B487-BD815002C656}.Ad-Hoc|iPhone.Deploy.0 = Release|Any CPU
		{708606FF-D29D-438D-B487-BD815002C656}.Ad-Hoc|iPhoneSimulator.ActiveCfg = Release|Any CPU
		{708606FF-D29D-438D-B487-BD815002C656}.Ad-Hoc|iPhoneSimulator.Build.0 = Release|Any CPU
		{708606FF-D29D-438D-B487-BD815002C656}.Ad-Hoc|iPhoneSimulator.Deploy.0 = Release|Any CPU
		{708606FF-D29D-438D-B487-BD815002C656}.Ad-Hoc|x64.ActiveCfg = Release|Any CPU
		{708606FF-D29D-438D-B487-BD815002C656}.Ad-Hoc|x64.Build.0 = Release|Any CPU
		{708606FF-D29D-438D-B487-BD815002C656}.Ad-Hoc|x64.Deploy.0 = Release|Any CPU
		{708606FF-D29D-438D-B487-BD815002C656}.Ad-Hoc|x86.ActiveCfg = Release|x86
		{708606FF-D29D-438D-B487-BD815002C656}.Ad-Hoc|x86.Build.0 = Release|x86
		{708606FF-D29D-438D-B487-BD815002C656}.Ad-Hoc|x86.Deploy.0 = Release|x86
		{708606FF-D29D-438D-B487-BD815002C656}.AppStore|Any CPU.ActiveCfg = Release|Any CPU
		{708606FF-D29D-438D-B487-BD815002C656}.AppStore|Any CPU.Build.0 = Release|Any CPU
		{708606FF-D29D-438D-B487-BD815002C656}.AppStore|Any CPU.Deploy.0 = Release|Any CPU
		{708606FF-D29D-438D-B487-BD815002C656}.AppStore|ARM.ActiveCfg = Release|ARM
		{708606FF-D29D-438D-B487-BD815002C656}.AppStore|ARM.Build.0 = Release|ARM
		{708606FF-D29D-438D-B487-BD815002C656}.AppStore|ARM.Deploy.0 = Release|ARM
		{708606FF-D29D-438D-B487-BD815002C656}.AppStore|iPhone.ActiveCfg = Release|Any CPU
		{708606FF-D29D-438D-B487-BD815002C656}.AppStore|iPhone.Build.0 = Release|Any CPU
		{708606FF-D29D-438D-B487-BD815002C656}.AppStore|iPhone.Deploy.0 = Release|Any CPU
		{708606FF-D29D-438D-B487-BD815002C656}.AppStore|iPhoneSimulator.ActiveCfg = Release|Any CPU
		{708606FF-D29D-438D-B487-BD815002C656}.AppStore|iPhoneSimulator.Build.0 = Release|Any CPU
		{708606FF-D29D-438D-B487-BD815002C656}.AppStore|iPhoneSimulator.Deploy.0 = Release|Any CPU
		{708606FF-D29D-438D-B487-BD815002C656}.AppStore|x64.ActiveCfg = Release|Any CPU
		{708606FF-D29D-438D-B487-BD815002C656}.AppStore|x64.Build.0 = Release|Any CPU
		{708606FF-D29D-438D-B487-BD815002C656}.AppStore|x64.Deploy.0 = Release|Any CPU
		{708606FF-D29D-438D-B487-BD815002C656}.AppStore|x86.ActiveCfg = Release|x86
		{708606FF-D29D-438D-B487-BD815002C656}.AppStore|x86.Build.0 = Release|x86
		{708606FF-D29D-438D-B487-BD815002C656}.AppStore|x86.Deploy.0 = Release|x86
		{708606FF-D29D-438D-B487-BD815002C656}.Debug|Any CPU.ActiveCfg = Debug|Any CPU
		{708606FF-D29D-438D-B487-BD815002C656}.Debug|Any CPU.Build.0 = Debug|Any CPU
		{708606FF-D29D-438D-B487-BD815002C656}.Debug|Any CPU.Deploy.0 = Debug|Any CPU
		{708606FF-D29D-438D-B487-BD815002C656}.Debug|ARM.ActiveCfg = Debug|ARM
		{708606FF-D29D-438D-B487-BD815002C656}.Debug|ARM.Build.0 = Debug|ARM
		{708606FF-D29D-438D-B487-BD815002C656}.Debug|ARM.Deploy.0 = Debug|ARM
		{708606FF-D29D-438D-B487-BD815002C656}.Debug|iPhone.ActiveCfg = Debug|Any CPU
		{708606FF-D29D-438D-B487-BD815002C656}.Debug|iPhone.Build.0 = Debug|Any CPU
		{708606FF-D29D-438D-B487-BD815002C656}.Debug|iPhone.Deploy.0 = Debug|Any CPU
		{708606FF-D29D-438D-B487-BD815002C656}.Debug|iPhoneSimulator.ActiveCfg = Debug|Any CPU
		{708606FF-D29D-438D-B487-BD815002C656}.Debug|iPhoneSimulator.Build.0 = Debug|Any CPU
		{708606FF-D29D-438D-B487-BD815002C656}.Debug|iPhoneSimulator.Deploy.0 = Debug|Any CPU
		{708606FF-D29D-438D-B487-BD815002C656}.Debug|x64.ActiveCfg = Debug|Any CPU
		{708606FF-D29D-438D-B487-BD815002C656}.Debug|x64.Build.0 = Debug|Any CPU
		{708606FF-D29D-438D-B487-BD815002C656}.Debug|x64.Deploy.0 = Debug|Any CPU
		{708606FF-D29D-438D-B487-BD815002C656}.Debug|x86.ActiveCfg = Debug|x86
		{708606FF-D29D-438D-B487-BD815002C656}.Debug|x86.Build.0 = Debug|x86
		{708606FF-D29D-438D-B487-BD815002C656}.Debug|x86.Deploy.0 = Debug|x86
		{708606FF-D29D-438D-B487-BD815002C656}.Release|Any CPU.ActiveCfg = Release|Any CPU
		{708606FF-D29D-438D-B487-BD815002C656}.Release|Any CPU.Build.0 = Release|Any CPU
		{708606FF-D29D-438D-B487-BD815002C656}.Release|Any CPU.Deploy.0 = Release|Any CPU
		{708606FF-D29D-438D-B487-BD815002C656}.Release|ARM.ActiveCfg = Release|ARM
		{708606FF-D29D-438D-B487-BD815002C656}.Release|ARM.Build.0 = Release|ARM
		{708606FF-D29D-438D-B487-BD815002C656}.Release|ARM.Deploy.0 = Release|ARM
		{708606FF-D29D-438D-B487-BD815002C656}.Release|iPhone.ActiveCfg = Release|Any CPU
		{708606FF-D29D-438D-B487-BD815002C656}.Release|iPhone.Build.0 = Release|Any CPU
		{708606FF-D29D-438D-B487-BD815002C656}.Release|iPhone.Deploy.0 = Release|Any CPU
		{708606FF-D29D-438D-B487-BD815002C656}.Release|iPhoneSimulator.ActiveCfg = Release|Any CPU
		{708606FF-D29D-438D-B487-BD815002C656}.Release|iPhoneSimulator.Build.0 = Release|Any CPU
		{708606FF-D29D-438D-B487-BD815002C656}.Release|iPhoneSimulator.Deploy.0 = Release|Any CPU
		{708606FF-D29D-438D-B487-BD815002C656}.Release|x64.ActiveCfg = Release|Any CPU
		{708606FF-D29D-438D-B487-BD815002C656}.Release|x64.Build.0 = Release|Any CPU
		{708606FF-D29D-438D-B487-BD815002C656}.Release|x64.Deploy.0 = Release|Any CPU
		{708606FF-D29D-438D-B487-BD815002C656}.Release|x86.ActiveCfg = Release|x86
		{708606FF-D29D-438D-B487-BD815002C656}.Release|x86.Build.0 = Release|x86
		{708606FF-D29D-438D-B487-BD815002C656}.Release|x86.Deploy.0 = Release|x86
		{C289F8AF-8715-49A2-9BEF-75932393926E}.Ad-Hoc|Any CPU.ActiveCfg = Release|x86
		{C289F8AF-8715-49A2-9BEF-75932393926E}.Ad-Hoc|Any CPU.Build.0 = Release|x86
		{C289F8AF-8715-49A2-9BEF-75932393926E}.Ad-Hoc|Any CPU.Deploy.0 = Release|x86
		{C289F8AF-8715-49A2-9BEF-75932393926E}.Ad-Hoc|ARM.ActiveCfg = Release|ARM
		{C289F8AF-8715-49A2-9BEF-75932393926E}.Ad-Hoc|ARM.Build.0 = Release|ARM
		{C289F8AF-8715-49A2-9BEF-75932393926E}.Ad-Hoc|ARM.Deploy.0 = Release|ARM
		{C289F8AF-8715-49A2-9BEF-75932393926E}.Ad-Hoc|iPhone.ActiveCfg = Release|x86
		{C289F8AF-8715-49A2-9BEF-75932393926E}.Ad-Hoc|iPhone.Build.0 = Release|x86
		{C289F8AF-8715-49A2-9BEF-75932393926E}.Ad-Hoc|iPhone.Deploy.0 = Release|x86
		{C289F8AF-8715-49A2-9BEF-75932393926E}.Ad-Hoc|iPhoneSimulator.ActiveCfg = Release|x86
		{C289F8AF-8715-49A2-9BEF-75932393926E}.Ad-Hoc|iPhoneSimulator.Build.0 = Release|x86
		{C289F8AF-8715-49A2-9BEF-75932393926E}.Ad-Hoc|iPhoneSimulator.Deploy.0 = Release|x86
		{C289F8AF-8715-49A2-9BEF-75932393926E}.Ad-Hoc|x64.ActiveCfg = Release|x64
		{C289F8AF-8715-49A2-9BEF-75932393926E}.Ad-Hoc|x64.Build.0 = Release|x64
		{C289F8AF-8715-49A2-9BEF-75932393926E}.Ad-Hoc|x64.Deploy.0 = Release|x64
		{C289F8AF-8715-49A2-9BEF-75932393926E}.Ad-Hoc|x86.ActiveCfg = Release|x86
		{C289F8AF-8715-49A2-9BEF-75932393926E}.Ad-Hoc|x86.Build.0 = Release|x86
		{C289F8AF-8715-49A2-9BEF-75932393926E}.Ad-Hoc|x86.Deploy.0 = Release|x86
		{C289F8AF-8715-49A2-9BEF-75932393926E}.AppStore|Any CPU.ActiveCfg = Release|x86
		{C289F8AF-8715-49A2-9BEF-75932393926E}.AppStore|Any CPU.Build.0 = Release|x86
		{C289F8AF-8715-49A2-9BEF-75932393926E}.AppStore|Any CPU.Deploy.0 = Release|x86
		{C289F8AF-8715-49A2-9BEF-75932393926E}.AppStore|ARM.ActiveCfg = Release|ARM
		{C289F8AF-8715-49A2-9BEF-75932393926E}.AppStore|ARM.Build.0 = Release|ARM
		{C289F8AF-8715-49A2-9BEF-75932393926E}.AppStore|ARM.Deploy.0 = Release|ARM
		{C289F8AF-8715-49A2-9BEF-75932393926E}.AppStore|iPhone.ActiveCfg = Release|x86
		{C289F8AF-8715-49A2-9BEF-75932393926E}.AppStore|iPhone.Build.0 = Release|x86
		{C289F8AF-8715-49A2-9BEF-75932393926E}.AppStore|iPhone.Deploy.0 = Release|x86
		{C289F8AF-8715-49A2-9BEF-75932393926E}.AppStore|iPhoneSimulator.ActiveCfg = Release|x86
		{C289F8AF-8715-49A2-9BEF-75932393926E}.AppStore|iPhoneSimulator.Build.0 = Release|x86
		{C289F8AF-8715-49A2-9BEF-75932393926E}.AppStore|iPhoneSimulator.Deploy.0 = Release|x86
		{C289F8AF-8715-49A2-9BEF-75932393926E}.AppStore|x64.ActiveCfg = Release|x64
		{C289F8AF-8715-49A2-9BEF-75932393926E}.AppStore|x64.Build.0 = Release|x64
		{C289F8AF-8715-49A2-9BEF-75932393926E}.AppStore|x64.Deploy.0 = Release|x64
		{C289F8AF-8715-49A2-9BEF-75932393926E}.AppStore|x86.ActiveCfg = Release|x86
		{C289F8AF-8715-49A2-9BEF-75932393926E}.AppStore|x86.Build.0 = Release|x86
		{C289F8AF-8715-49A2-9BEF-75932393926E}.AppStore|x86.Deploy.0 = Release|x86
		{C289F8AF-8715-49A2-9BEF-75932393926E}.Debug|Any CPU.ActiveCfg = Debug|x86
		{C289F8AF-8715-49A2-9BEF-75932393926E}.Debug|Any CPU.Build.0 = Debug|x86
		{C289F8AF-8715-49A2-9BEF-75932393926E}.Debug|Any CPU.Deploy.0 = Debug|x86
		{C289F8AF-8715-49A2-9BEF-75932393926E}.Debug|ARM.ActiveCfg = Debug|ARM
		{C289F8AF-8715-49A2-9BEF-75932393926E}.Debug|ARM.Build.0 = Debug|ARM
		{C289F8AF-8715-49A2-9BEF-75932393926E}.Debug|ARM.Deploy.0 = Debug|ARM
		{C289F8AF-8715-49A2-9BEF-75932393926E}.Debug|iPhone.ActiveCfg = Debug|x86
		{C289F8AF-8715-49A2-9BEF-75932393926E}.Debug|iPhoneSimulator.ActiveCfg = Debug|x86
		{C289F8AF-8715-49A2-9BEF-75932393926E}.Debug|x64.ActiveCfg = Debug|x64
		{C289F8AF-8715-49A2-9BEF-75932393926E}.Debug|x64.Build.0 = Debug|x64
		{C289F8AF-8715-49A2-9BEF-75932393926E}.Debug|x64.Deploy.0 = Debug|x64
		{C289F8AF-8715-49A2-9BEF-75932393926E}.Debug|x86.ActiveCfg = Debug|x86
		{C289F8AF-8715-49A2-9BEF-75932393926E}.Debug|x86.Build.0 = Debug|x86
		{C289F8AF-8715-49A2-9BEF-75932393926E}.Debug|x86.Deploy.0 = Debug|x86
		{C289F8AF-8715-49A2-9BEF-75932393926E}.Release|Any CPU.ActiveCfg = Release|x86
		{C289F8AF-8715-49A2-9BEF-75932393926E}.Release|ARM.ActiveCfg = Release|ARM
		{C289F8AF-8715-49A2-9BEF-75932393926E}.Release|ARM.Build.0 = Release|ARM
		{C289F8AF-8715-49A2-9BEF-75932393926E}.Release|ARM.Deploy.0 = Release|ARM
		{C289F8AF-8715-49A2-9BEF-75932393926E}.Release|iPhone.ActiveCfg = Release|x86
		{C289F8AF-8715-49A2-9BEF-75932393926E}.Release|iPhoneSimulator.ActiveCfg = Release|x86
		{C289F8AF-8715-49A2-9BEF-75932393926E}.Release|x64.ActiveCfg = Release|x64
		{C289F8AF-8715-49A2-9BEF-75932393926E}.Release|x64.Build.0 = Release|x64
		{C289F8AF-8715-49A2-9BEF-75932393926E}.Release|x64.Deploy.0 = Release|x64
		{C289F8AF-8715-49A2-9BEF-75932393926E}.Release|x86.ActiveCfg = Release|x86
		{C289F8AF-8715-49A2-9BEF-75932393926E}.Release|x86.Build.0 = Release|x86
		{C289F8AF-8715-49A2-9BEF-75932393926E}.Release|x86.Deploy.0 = Release|x86
		{DDFA3C3F-73D4-446C-A23C-3E680CB56888}.Ad-Hoc|Any CPU.ActiveCfg = Release|Any CPU
		{DDFA3C3F-73D4-446C-A23C-3E680CB56888}.Ad-Hoc|Any CPU.Build.0 = Release|Any CPU
		{DDFA3C3F-73D4-446C-A23C-3E680CB56888}.Ad-Hoc|Any CPU.Deploy.0 = Release|Any CPU
		{DDFA3C3F-73D4-446C-A23C-3E680CB56888}.Ad-Hoc|ARM.ActiveCfg = Release|ARM
		{DDFA3C3F-73D4-446C-A23C-3E680CB56888}.Ad-Hoc|ARM.Build.0 = Release|ARM
		{DDFA3C3F-73D4-446C-A23C-3E680CB56888}.Ad-Hoc|ARM.Deploy.0 = Release|ARM
		{DDFA3C3F-73D4-446C-A23C-3E680CB56888}.Ad-Hoc|iPhone.ActiveCfg = Release|Any CPU
		{DDFA3C3F-73D4-446C-A23C-3E680CB56888}.Ad-Hoc|iPhone.Build.0 = Release|Any CPU
		{DDFA3C3F-73D4-446C-A23C-3E680CB56888}.Ad-Hoc|iPhone.Deploy.0 = Release|Any CPU
		{DDFA3C3F-73D4-446C-A23C-3E680CB56888}.Ad-Hoc|iPhoneSimulator.ActiveCfg = Release|Any CPU
		{DDFA3C3F-73D4-446C-A23C-3E680CB56888}.Ad-Hoc|iPhoneSimulator.Build.0 = Release|Any CPU
		{DDFA3C3F-73D4-446C-A23C-3E680CB56888}.Ad-Hoc|iPhoneSimulator.Deploy.0 = Release|Any CPU
		{DDFA3C3F-73D4-446C-A23C-3E680CB56888}.Ad-Hoc|x64.ActiveCfg = Release|x64
		{DDFA3C3F-73D4-446C-A23C-3E680CB56888}.Ad-Hoc|x64.Build.0 = Release|x64
		{DDFA3C3F-73D4-446C-A23C-3E680CB56888}.Ad-Hoc|x64.Deploy.0 = Release|x64
		{DDFA3C3F-73D4-446C-A23C-3E680CB56888}.Ad-Hoc|x86.ActiveCfg = Release|x86
		{DDFA3C3F-73D4-446C-A23C-3E680CB56888}.Ad-Hoc|x86.Build.0 = Release|x86
		{DDFA3C3F-73D4-446C-A23C-3E680CB56888}.Ad-Hoc|x86.Deploy.0 = Release|x86
		{DDFA3C3F-73D4-446C-A23C-3E680CB56888}.AppStore|Any CPU.ActiveCfg = Release|Any CPU
		{DDFA3C3F-73D4-446C-A23C-3E680CB56888}.AppStore|Any CPU.Build.0 = Release|Any CPU
		{DDFA3C3F-73D4-446C-A23C-3E680CB56888}.AppStore|Any CPU.Deploy.0 = Release|Any CPU
		{DDFA3C3F-73D4-446C-A23C-3E680CB56888}.AppStore|ARM.ActiveCfg = Release|ARM
		{DDFA3C3F-73D4-446C-A23C-3E680CB56888}.AppStore|ARM.Build.0 = Release|ARM
		{DDFA3C3F-73D4-446C-A23C-3E680CB56888}.AppStore|ARM.Deploy.0 = Release|ARM
		{DDFA3C3F-73D4-446C-A23C-3E680CB56888}.AppStore|iPhone.ActiveCfg = Release|Any CPU
		{DDFA3C3F-73D4-446C-A23C-3E680CB56888}.AppStore|iPhone.Build.0 = Release|Any CPU
		{DDFA3C3F-73D4-446C-A23C-3E680CB56888}.AppStore|iPhone.Deploy.0 = Release|Any CPU
		{DDFA3C3F-73D4-446C-A23C-3E680CB56888}.AppStore|iPhoneSimulator.ActiveCfg = Release|Any CPU
		{DDFA3C3F-73D4-446C-A23C-3E680CB56888}.AppStore|iPhoneSimulator.Build.0 = Release|Any CPU
		{DDFA3C3F-73D4-446C-A23C-3E680CB56888}.AppStore|iPhoneSimulator.Deploy.0 = Release|Any CPU
		{DDFA3C3F-73D4-446C-A23C-3E680CB56888}.AppStore|x64.ActiveCfg = Release|x64
		{DDFA3C3F-73D4-446C-A23C-3E680CB56888}.AppStore|x64.Build.0 = Release|x64
		{DDFA3C3F-73D4-446C-A23C-3E680CB56888}.AppStore|x64.Deploy.0 = Release|x64
		{DDFA3C3F-73D4-446C-A23C-3E680CB56888}.AppStore|x86.ActiveCfg = Release|x86
		{DDFA3C3F-73D4-446C-A23C-3E680CB56888}.AppStore|x86.Build.0 = Release|x86
		{DDFA3C3F-73D4-446C-A23C-3E680CB56888}.AppStore|x86.Deploy.0 = Release|x86
		{DDFA3C3F-73D4-446C-A23C-3E680CB56888}.Debug|Any CPU.ActiveCfg = Debug|Any CPU
		{DDFA3C3F-73D4-446C-A23C-3E680CB56888}.Debug|Any CPU.Build.0 = Debug|Any CPU
		{DDFA3C3F-73D4-446C-A23C-3E680CB56888}.Debug|Any CPU.Deploy.0 = Debug|Any CPU
		{DDFA3C3F-73D4-446C-A23C-3E680CB56888}.Debug|ARM.ActiveCfg = Debug|ARM
		{DDFA3C3F-73D4-446C-A23C-3E680CB56888}.Debug|ARM.Build.0 = Debug|ARM
		{DDFA3C3F-73D4-446C-A23C-3E680CB56888}.Debug|ARM.Deploy.0 = Debug|ARM
		{DDFA3C3F-73D4-446C-A23C-3E680CB56888}.Debug|iPhone.ActiveCfg = Debug|Any CPU
		{DDFA3C3F-73D4-446C-A23C-3E680CB56888}.Debug|iPhone.Build.0 = Debug|Any CPU
		{DDFA3C3F-73D4-446C-A23C-3E680CB56888}.Debug|iPhone.Deploy.0 = Debug|Any CPU
		{DDFA3C3F-73D4-446C-A23C-3E680CB56888}.Debug|iPhoneSimulator.ActiveCfg = Debug|Any CPU
		{DDFA3C3F-73D4-446C-A23C-3E680CB56888}.Debug|iPhoneSimulator.Build.0 = Debug|Any CPU
		{DDFA3C3F-73D4-446C-A23C-3E680CB56888}.Debug|iPhoneSimulator.Deploy.0 = Debug|Any CPU
		{DDFA3C3F-73D4-446C-A23C-3E680CB56888}.Debug|x64.ActiveCfg = Debug|x64
		{DDFA3C3F-73D4-446C-A23C-3E680CB56888}.Debug|x64.Build.0 = Debug|x64
		{DDFA3C3F-73D4-446C-A23C-3E680CB56888}.Debug|x64.Deploy.0 = Debug|x64
		{DDFA3C3F-73D4-446C-A23C-3E680CB56888}.Debug|x86.ActiveCfg = Debug|x86
		{DDFA3C3F-73D4-446C-A23C-3E680CB56888}.Debug|x86.Build.0 = Debug|x86
		{DDFA3C3F-73D4-446C-A23C-3E680CB56888}.Debug|x86.Deploy.0 = Debug|x86
		{DDFA3C3F-73D4-446C-A23C-3E680CB56888}.Release|Any CPU.ActiveCfg = Release|Any CPU
		{DDFA3C3F-73D4-446C-A23C-3E680CB56888}.Release|Any CPU.Build.0 = Release|Any CPU
		{DDFA3C3F-73D4-446C-A23C-3E680CB56888}.Release|Any CPU.Deploy.0 = Release|Any CPU
		{DDFA3C3F-73D4-446C-A23C-3E680CB56888}.Release|ARM.ActiveCfg = Release|ARM
		{DDFA3C3F-73D4-446C-A23C-3E680CB56888}.Release|ARM.Build.0 = Release|ARM
		{DDFA3C3F-73D4-446C-A23C-3E680CB56888}.Release|ARM.Deploy.0 = Release|ARM
		{DDFA3C3F-73D4-446C-A23C-3E680CB56888}.Release|iPhone.ActiveCfg = Release|Any CPU
		{DDFA3C3F-73D4-446C-A23C-3E680CB56888}.Release|iPhone.Build.0 = Release|Any CPU
		{DDFA3C3F-73D4-446C-A23C-3E680CB56888}.Release|iPhone.Deploy.0 = Release|Any CPU
		{DDFA3C3F-73D4-446C-A23C-3E680CB56888}.Release|iPhoneSimulator.ActiveCfg = Release|Any CPU
		{DDFA3C3F-73D4-446C-A23C-3E680CB56888}.Release|iPhoneSimulator.Build.0 = Release|Any CPU
		{DDFA3C3F-73D4-446C-A23C-3E680CB56888}.Release|iPhoneSimulator.Deploy.0 = Release|Any CPU
		{DDFA3C3F-73D4-446C-A23C-3E680CB56888}.Release|x64.ActiveCfg = Release|x64
		{DDFA3C3F-73D4-446C-A23C-3E680CB56888}.Release|x64.Build.0 = Release|x64
		{DDFA3C3F-73D4-446C-A23C-3E680CB56888}.Release|x64.Deploy.0 = Release|x64
		{DDFA3C3F-73D4-446C-A23C-3E680CB56888}.Release|x86.ActiveCfg = Release|x86
		{DDFA3C3F-73D4-446C-A23C-3E680CB56888}.Release|x86.Build.0 = Release|x86
		{DDFA3C3F-73D4-446C-A23C-3E680CB56888}.Release|x86.Deploy.0 = Release|x86
		{6E8AA06D-DE85-4DBC-A1C6-B3BAD90CB427}.Ad-Hoc|Any CPU.ActiveCfg = Release|Any CPU
		{6E8AA06D-DE85-4DBC-A1C6-B3BAD90CB427}.Ad-Hoc|Any CPU.Build.0 = Release|Any CPU
		{6E8AA06D-DE85-4DBC-A1C6-B3BAD90CB427}.Ad-Hoc|ARM.ActiveCfg = Release|Any CPU
		{6E8AA06D-DE85-4DBC-A1C6-B3BAD90CB427}.Ad-Hoc|ARM.Build.0 = Release|Any CPU
		{6E8AA06D-DE85-4DBC-A1C6-B3BAD90CB427}.Ad-Hoc|iPhone.ActiveCfg = Release|Any CPU
		{6E8AA06D-DE85-4DBC-A1C6-B3BAD90CB427}.Ad-Hoc|iPhone.Build.0 = Release|Any CPU
		{6E8AA06D-DE85-4DBC-A1C6-B3BAD90CB427}.Ad-Hoc|iPhoneSimulator.ActiveCfg = Release|Any CPU
		{6E8AA06D-DE85-4DBC-A1C6-B3BAD90CB427}.Ad-Hoc|iPhoneSimulator.Build.0 = Release|Any CPU
		{6E8AA06D-DE85-4DBC-A1C6-B3BAD90CB427}.Ad-Hoc|x64.ActiveCfg = Release|Any CPU
		{6E8AA06D-DE85-4DBC-A1C6-B3BAD90CB427}.Ad-Hoc|x64.Build.0 = Release|Any CPU
		{6E8AA06D-DE85-4DBC-A1C6-B3BAD90CB427}.Ad-Hoc|x86.ActiveCfg = Release|Any CPU
		{6E8AA06D-DE85-4DBC-A1C6-B3BAD90CB427}.Ad-Hoc|x86.Build.0 = Release|Any CPU
		{6E8AA06D-DE85-4DBC-A1C6-B3BAD90CB427}.AppStore|Any CPU.ActiveCfg = Release|Any CPU
		{6E8AA06D-DE85-4DBC-A1C6-B3BAD90CB427}.AppStore|Any CPU.Build.0 = Release|Any CPU
		{6E8AA06D-DE85-4DBC-A1C6-B3BAD90CB427}.AppStore|ARM.ActiveCfg = Release|Any CPU
		{6E8AA06D-DE85-4DBC-A1C6-B3BAD90CB427}.AppStore|ARM.Build.0 = Release|Any CPU
		{6E8AA06D-DE85-4DBC-A1C6-B3BAD90CB427}.AppStore|iPhone.ActiveCfg = Release|Any CPU
		{6E8AA06D-DE85-4DBC-A1C6-B3BAD90CB427}.AppStore|iPhone.Build.0 = Release|Any CPU
		{6E8AA06D-DE85-4DBC-A1C6-B3BAD90CB427}.AppStore|iPhoneSimulator.ActiveCfg = Release|Any CPU
		{6E8AA06D-DE85-4DBC-A1C6-B3BAD90CB427}.AppStore|iPhoneSimulator.Build.0 = Release|Any CPU
		{6E8AA06D-DE85-4DBC-A1C6-B3BAD90CB427}.AppStore|x64.ActiveCfg = Release|Any CPU
		{6E8AA06D-DE85-4DBC-A1C6-B3BAD90CB427}.AppStore|x64.Build.0 = Release|Any CPU
		{6E8AA06D-DE85-4DBC-A1C6-B3BAD90CB427}.AppStore|x86.ActiveCfg = Release|Any CPU
		{6E8AA06D-DE85-4DBC-A1C6-B3BAD90CB427}.AppStore|x86.Build.0 = Release|Any CPU
		{6E8AA06D-DE85-4DBC-A1C6-B3BAD90CB427}.Debug|Any CPU.ActiveCfg = Debug|Any CPU
		{6E8AA06D-DE85-4DBC-A1C6-B3BAD90CB427}.Debug|Any CPU.Build.0 = Debug|Any CPU
		{6E8AA06D-DE85-4DBC-A1C6-B3BAD90CB427}.Debug|ARM.ActiveCfg = Debug|Any CPU
		{6E8AA06D-DE85-4DBC-A1C6-B3BAD90CB427}.Debug|ARM.Build.0 = Debug|Any CPU
		{6E8AA06D-DE85-4DBC-A1C6-B3BAD90CB427}.Debug|iPhone.ActiveCfg = Debug|Any CPU
		{6E8AA06D-DE85-4DBC-A1C6-B3BAD90CB427}.Debug|iPhone.Build.0 = Debug|Any CPU
		{6E8AA06D-DE85-4DBC-A1C6-B3BAD90CB427}.Debug|iPhoneSimulator.ActiveCfg = Debug|Any CPU
		{6E8AA06D-DE85-4DBC-A1C6-B3BAD90CB427}.Debug|iPhoneSimulator.Build.0 = Debug|Any CPU
		{6E8AA06D-DE85-4DBC-A1C6-B3BAD90CB427}.Debug|x64.ActiveCfg = Debug|Any CPU
		{6E8AA06D-DE85-4DBC-A1C6-B3BAD90CB427}.Debug|x64.Build.0 = Debug|Any CPU
		{6E8AA06D-DE85-4DBC-A1C6-B3BAD90CB427}.Debug|x86.ActiveCfg = Debug|Any CPU
		{6E8AA06D-DE85-4DBC-A1C6-B3BAD90CB427}.Debug|x86.Build.0 = Debug|Any CPU
		{6E8AA06D-DE85-4DBC-A1C6-B3BAD90CB427}.Release|Any CPU.ActiveCfg = Release|Any CPU
		{6E8AA06D-DE85-4DBC-A1C6-B3BAD90CB427}.Release|Any CPU.Build.0 = Release|Any CPU
		{6E8AA06D-DE85-4DBC-A1C6-B3BAD90CB427}.Release|ARM.ActiveCfg = Release|Any CPU
		{6E8AA06D-DE85-4DBC-A1C6-B3BAD90CB427}.Release|ARM.Build.0 = Release|Any CPU
		{6E8AA06D-DE85-4DBC-A1C6-B3BAD90CB427}.Release|iPhone.ActiveCfg = Release|Any CPU
		{6E8AA06D-DE85-4DBC-A1C6-B3BAD90CB427}.Release|iPhone.Build.0 = Release|Any CPU
		{6E8AA06D-DE85-4DBC-A1C6-B3BAD90CB427}.Release|iPhoneSimulator.ActiveCfg = Release|Any CPU
		{6E8AA06D-DE85-4DBC-A1C6-B3BAD90CB427}.Release|iPhoneSimulator.Build.0 = Release|Any CPU
		{6E8AA06D-DE85-4DBC-A1C6-B3BAD90CB427}.Release|x64.ActiveCfg = Release|Any CPU
		{6E8AA06D-DE85-4DBC-A1C6-B3BAD90CB427}.Release|x64.Build.0 = Release|Any CPU
		{6E8AA06D-DE85-4DBC-A1C6-B3BAD90CB427}.Release|x86.ActiveCfg = Release|Any CPU
		{6E8AA06D-DE85-4DBC-A1C6-B3BAD90CB427}.Release|x86.Build.0 = Release|Any CPU
	EndGlobalSection
	GlobalSection(SolutionProperties) = preSolution
		HideSolutionNode = FALSE
	EndGlobalSection
EndGlobal
